
Microsoft Visual Studio Solution File, Format Version 12.00
# Visual Studio Version 17
VisualStudioVersion = 17.11.35327.3
MinimumVisualStudioVersion = 10.0.40219.1
Project("{8BC9CEB8-8B4A-11D0-8D11-00A0C91BC942}") = "Akhir", "Akhir\Akhir.vcxproj", "{6DEBDF16-A6D1-44C6-9054-A3A614912E17}"
EndProject
Global
	GlobalSection(SolutionConfigurationPlatforms) = preSolution
		Debug|x64 = Debug|x64
		Debug|x86 = Debug|x86
		Release|x64 = Release|x64
		Release|x86 = Release|x86
	EndGlobalSection
	GlobalSection(ProjectConfigurationPlatforms) = postSolution
		{6DEBDF16-A6D1-44C6-9054-A3A614912E17}.Debug|x64.ActiveCfg = Debug|x64
		{6DEBDF16-A6D1-44C6-9054-A3A614912E17}.Debug|x64.Build.0 = Debug|x64
		{6DEBDF16-A6D1-44C6-9054-A3A614912E17}.Debug|x86.ActiveCfg = Debug|Win32
		{6DEBDF16-A6D1-44C6-9054-A3A614912E17}.Debug|x86.Build.0 = Debug|Win32
		{6DEBDF16-A6D1-44C6-9054-A3A614912E17}.Release|x64.ActiveCfg = Release|x64
		{6DEBDF16-A6D1-44C6-9054-A3A614912E17}.Release|x64.Build.0 = Release|x64
		{6DEBDF16-A6D1-44C6-9054-A3A614912E17}.Release|x86.ActiveCfg = Release|Win32
		{6DEBDF16-A6D1-44C6-9054-A3A614912E17}.Release|x86.Build.0 = Release|Win32
	EndGlobalSection
	GlobalSection(SolutionProperties) = preSolution
		HideSolutionNode = FALSE
	EndGlobalSection
	GlobalSection(ExtensibilityGlobals) = postSolution
		SolutionGuid = {2ED0F86A-F85C-438E-B2D5-D0791E837B36}
	EndGlobalSection
EndGlobal
